{
  "name": "ts-module-resolution",
  "version": "1.0.0",
  "lockfileVersion": 3,
  "requires": true,
  "packages": {
    "": {
      "name": "ts-module-resolution",
      "version": "1.0.0",
      "license": "ISC",
      "dependencies": {
        "@prismicio/client": "7.20.1"
      },
      "devDependencies": {
        "typescript": "^5.8.3"
      }
    },
    "node_modules/@prismicio/client": {
      "version": "7.20.1",
      "resolved": "https://artifactory-prd.prd.betfair/artifactory/api/npm/npm/@prismicio/client/-/client-7.20.1.tgz",
      "integrity": "sha512-SAiMZp760628XVuF7jqBzICum8PvfQ1HRWNztTlBpltJxLc+r+JH2H3vHXmJ+zY4gNex+5Ch1acLHrVWmHMTGw==",
      "license": "Apache-2.0",
      "dependencies": {
        "imgix-url-builder": "^0.0.6"
      },
      "engines": {
        "node": ">=14.15.0"
      }
    },
    "node_modules/imgix-url-builder": {
      "version": "0.0.6",
      "resolved": "https://artifactory-prd.prd.betfair/artifactory/api/npm/npm/imgix-url-builder/-/imgix-url-builder-0.0.6.tgz",
      "integrity": "sha512-lFVbvaE9vMck8qz9j+y6o7vsyc1vZhdqzWu+Wp/nlnOCi9zAErc31QMkZKYUGMNLLzxOO4YIBAUPndTPah8HFg==",
      "license": "Apache-2.0",
      "engines": {
        "node": ">=12.7.0"
      }
    },
    "node_modules/typescript": {
      "version": "5.8.3",
      "resolved": "https://artifactory-prd.prd.betfair/artifactory/api/npm/npm/typescript/-/typescript-5.8.3.tgz",
      "integrity": "sha512-p1diW6TqL9L07nNxvRMM7hMMw4c5XOo/1ibL4aAIGmSAt9slTE1Xgw5KWuof2uTOvCg9BY7ZRi+GaF+7sfgPeQ==",
      "dev": true,
      "license": "Apache-2.0",
      "bin": {
        "tsc": "bin/tsc",
        "tsserver": "bin/tsserver"
      },
      "engines": {
        "node": ">=14.17"
      }
    }
  }
}
